
Microsoft Visual Studio Solution File, Format Version 11.00
# Visual Studio 2010
Project("{8BC9CEB8-8B4A-11D0-8D11-00A0C91BC942}") = "Map", "Map\Map.vcxproj", "{E75BC81D-C991-4B54-9E76-D9DE0FFF55DC}"
EndProject
Global
	GlobalSection(SolutionConfigurationPlatforms) = preSolution
		Debug|Win32 = Debug|Win32
		Release|Win32 = Release|Win32
	EndGlobalSection
	GlobalSection(ProjectConfigurationPlatforms) = postSolution
		{E75BC81D-C991-4B54-9E76-D9DE0FFF55DC}.Debug|Win32.ActiveCfg = Debug|Win32
		{E75BC81D-C991-4B54-9E76-D9DE0FFF55DC}.Debug|Win32.Build.0 = Debug|Win32
		{E75BC81D-C991-4B54-9E76-D9DE0FFF55DC}.Release|Win32.ActiveCfg = Release|Win32
		{E75BC81D-C991-4B54-9E76-D9DE0FFF55DC}.Release|Win32.Build.0 = Release|Win32
	EndGlobalSection
	GlobalSection(SolutionProperties) = preSolution
		HideSolutionNode = FALSE
	EndGlobalSection
EndGlobal
